
Microsoft Visual Studio Solution File, Format Version 12.00
# Visual Studio Version 16
VisualStudioVersion = 16.0.33130.400
MinimumVisualStudioVersion = 10.0.40219.1
Project("{FAE04EC0-301F-11D3-BF4B-00C04F79EFBC}") = "Mission09_vim12", "Mission09_vim12\Mission09_vim12.csproj", "{F54E003F-998C-4D8B-BA73-F8356369AFD7}"
EndProject
Global
	GlobalSection(SolutionConfigurationPlatforms) = preSolution
		Debug|Any CPU = Debug|Any CPU
		Release|Any CPU = Release|Any CPU
	EndGlobalSection
	GlobalSection(ProjectConfigurationPlatforms) = postSolution
		{F54E003F-998C-4D8B-BA73-F8356369AFD7}.Debug|Any CPU.ActiveCfg = Debug|Any CPU
		{F54E003F-998C-4D8B-BA73-F8356369AFD7}.Debug|Any CPU.Build.0 = Debug|Any CPU
		{F54E003F-998C-4D8B-BA73-F8356369AFD7}.Release|Any CPU.ActiveCfg = Release|Any CPU
		{F54E003F-998C-4D8B-BA73-F8356369AFD7}.Release|Any CPU.Build.0 = Release|Any CPU
	EndGlobalSection
	GlobalSection(SolutionProperties) = preSolution
		HideSolutionNode = FALSE
	EndGlobalSection
	GlobalSection(ExtensibilityGlobals) = postSolution
		SolutionGuid = {0EAA1853-2CB3-41E5-BBC3-7847FD9E6B94}
	EndGlobalSection
EndGlobal
